
Microsoft Visual Studio Solution File, Format Version 12.00
Project("{FAE04EC0-301F-11D3-BF4B-00C04F79EFBC}") = "Procedures", "Procedures.csproj", "{1CD5BAEC-86EC-403D-98F3-B18E6D56360A}"
EndProject
Global
	GlobalSection(SolutionConfigurationPlatforms) = preSolution
		Debug|Any CPU = Debug|Any CPU
		Release|Any CPU = Release|Any CPU
	EndGlobalSection
	GlobalSection(ProjectConfigurationPlatforms) = postSolution
		{1CD5BAEC-86EC-403D-98F3-B18E6D56360A}.Debug|Any CPU.ActiveCfg = Debug|Any CPU
		{1CD5BAEC-86EC-403D-98F3-B18E6D56360A}.Debug|Any CPU.Build.0 = Debug|Any CPU
		{1CD5BAEC-86EC-403D-98F3-B18E6D56360A}.Release|Any CPU.ActiveCfg = Release|Any CPU
		{1CD5BAEC-86EC-403D-98F3-B18E6D56360A}.Release|Any CPU.Build.0 = Release|Any CPU
	EndGlobalSection
EndGlobal
